
Microsoft Visual Studio Solution File, Format Version 12.00
# Visual Studio Version 17
VisualStudioVersion = 17.2.32602.215
MinimumVisualStudioVersion = 10.0.40219.1
Project("{9A19103F-16F7-4668-BE54-9A1E7A4F7556}") = "FacturacionEMCApi", "FacturacionEMCApi\FacturacionEMCApi.csproj", "{A12BAA35-1B3B-4FBC-84E6-F60FD5EA0463}"
EndProject
Project("{9A19103F-16F7-4668-BE54-9A1E7A4F7556}") = "NegocioEMC", "NegocioEMC\NegocioEMC.csproj", "{50E4C53E-999A-47D3-92A3-369AB5420DE6}"
EndProject
Project("{9A19103F-16F7-4668-BE54-9A1E7A4F7556}") = "DatosEMC", "DatosEMC\DatosEMC.csproj", "{86F09D5F-FF3C-423F-8725-59867F84F4DD}"
EndProject
Project("{9A19103F-16F7-4668-BE54-9A1E7A4F7556}") = "FacturacionEMCSite", "FacturacionEMCSite\FacturacionEMCSite.csproj", "{C3B95756-08EE-4F9D-B6E1-8469C63ADECA}"
EndProject
Project("{2150E333-8FDC-42A3-9474-1A3956D46DE8}") = "Solution Items", "Solution Items", "{8592890D-5D69-498B-A9D8-A71FB897AECB}"
	ProjectSection(SolutionItems) = preProject
		.editorconfig = .editorconfig
	EndProjectSection
EndProject
Global
	GlobalSection(SolutionConfigurationPlatforms) = preSolution
		Debug|Any CPU = Debug|Any CPU
		Release|Any CPU = Release|Any CPU
	EndGlobalSection
	GlobalSection(ProjectConfigurationPlatforms) = postSolution
		{A12BAA35-1B3B-4FBC-84E6-F60FD5EA0463}.Debug|Any CPU.ActiveCfg = Debug|Any CPU
		{A12BAA35-1B3B-4FBC-84E6-F60FD5EA0463}.Debug|Any CPU.Build.0 = Debug|Any CPU
		{A12BAA35-1B3B-4FBC-84E6-F60FD5EA0463}.Release|Any CPU.ActiveCfg = Release|Any CPU
		{A12BAA35-1B3B-4FBC-84E6-F60FD5EA0463}.Release|Any CPU.Build.0 = Release|Any CPU
		{50E4C53E-999A-47D3-92A3-369AB5420DE6}.Debug|Any CPU.ActiveCfg = Debug|Any CPU
		{50E4C53E-999A-47D3-92A3-369AB5420DE6}.Debug|Any CPU.Build.0 = Debug|Any CPU
		{50E4C53E-999A-47D3-92A3-369AB5420DE6}.Release|Any CPU.ActiveCfg = Release|Any CPU
		{50E4C53E-999A-47D3-92A3-369AB5420DE6}.Release|Any CPU.Build.0 = Release|Any CPU
		{86F09D5F-FF3C-423F-8725-59867F84F4DD}.Debug|Any CPU.ActiveCfg = Debug|Any CPU
		{86F09D5F-FF3C-423F-8725-59867F84F4DD}.Debug|Any CPU.Build.0 = Debug|Any CPU
		{86F09D5F-FF3C-423F-8725-59867F84F4DD}.Release|Any CPU.ActiveCfg = Release|Any CPU
		{86F09D5F-FF3C-423F-8725-59867F84F4DD}.Release|Any CPU.Build.0 = Release|Any CPU
		{C3B95756-08EE-4F9D-B6E1-8469C63ADECA}.Debug|Any CPU.ActiveCfg = Debug|Any CPU
		{C3B95756-08EE-4F9D-B6E1-8469C63ADECA}.Debug|Any CPU.Build.0 = Debug|Any CPU
		{C3B95756-08EE-4F9D-B6E1-8469C63ADECA}.Release|Any CPU.ActiveCfg = Release|Any CPU
		{C3B95756-08EE-4F9D-B6E1-8469C63ADECA}.Release|Any CPU.Build.0 = Release|Any CPU
	EndGlobalSection
	GlobalSection(SolutionProperties) = preSolution
		HideSolutionNode = FALSE
	EndGlobalSection
	GlobalSection(ExtensibilityGlobals) = postSolution
		SolutionGuid = {FEADB35F-6E01-43B2-A851-29FDA3F1F467}
	EndGlobalSection
EndGlobal
